
Microsoft Visual Studio Solution File, Format Version 12.00
# Visual Studio Version 17
VisualStudioVersion = 17.4.33122.133
MinimumVisualStudioVersion = 10.0.40219.1
Project("{9A19103F-16F7-4668-BE54-9A1E7A4F7556}") = "TodoListAppFinalEdition.Server", "Server\TodoListAppFinalEdition.Server.csproj", "{A9C8673A-9668-491B-B7CE-35397F93E513}"
EndProject
Project("{9A19103F-16F7-4668-BE54-9A1E7A4F7556}") = "TodoListAppFinalEdition.Client", "Client\TodoListAppFinalEdition.Client.csproj", "{92919D3E-5C43-41F4-AA67-0EA39E3DF38C}"
EndProject
Project("{9A19103F-16F7-4668-BE54-9A1E7A4F7556}") = "TodoListAppFinalEdition.Shared", "Shared\TodoListAppFinalEdition.Shared.csproj", "{BAB3BBA7-C28D-484B-AF78-C3588AD12095}"
EndProject
Project("{9A19103F-16F7-4668-BE54-9A1E7A4F7556}") = "TodoListWebAPI", "..\TodoListWebAPI\TodoListWebAPI.csproj", "{07F5FB82-DF34-434E-AC73-7573355ACA03}"
EndProject
Global
	GlobalSection(SolutionConfigurationPlatforms) = preSolution
		Debug|Any CPU = Debug|Any CPU
		Release|Any CPU = Release|Any CPU
	EndGlobalSection
	GlobalSection(ProjectConfigurationPlatforms) = postSolution
		{A9C8673A-9668-491B-B7CE-35397F93E513}.Debug|Any CPU.ActiveCfg = Debug|Any CPU
		{A9C8673A-9668-491B-B7CE-35397F93E513}.Debug|Any CPU.Build.0 = Debug|Any CPU
		{A9C8673A-9668-491B-B7CE-35397F93E513}.Release|Any CPU.ActiveCfg = Release|Any CPU
		{A9C8673A-9668-491B-B7CE-35397F93E513}.Release|Any CPU.Build.0 = Release|Any CPU
		{92919D3E-5C43-41F4-AA67-0EA39E3DF38C}.Debug|Any CPU.ActiveCfg = Debug|Any CPU
		{92919D3E-5C43-41F4-AA67-0EA39E3DF38C}.Debug|Any CPU.Build.0 = Debug|Any CPU
		{92919D3E-5C43-41F4-AA67-0EA39E3DF38C}.Release|Any CPU.ActiveCfg = Release|Any CPU
		{92919D3E-5C43-41F4-AA67-0EA39E3DF38C}.Release|Any CPU.Build.0 = Release|Any CPU
		{BAB3BBA7-C28D-484B-AF78-C3588AD12095}.Debug|Any CPU.ActiveCfg = Debug|Any CPU
		{BAB3BBA7-C28D-484B-AF78-C3588AD12095}.Debug|Any CPU.Build.0 = Debug|Any CPU
		{BAB3BBA7-C28D-484B-AF78-C3588AD12095}.Release|Any CPU.ActiveCfg = Release|Any CPU
		{BAB3BBA7-C28D-484B-AF78-C3588AD12095}.Release|Any CPU.Build.0 = Release|Any CPU
		{07F5FB82-DF34-434E-AC73-7573355ACA03}.Debug|Any CPU.ActiveCfg = Debug|Any CPU
		{07F5FB82-DF34-434E-AC73-7573355ACA03}.Debug|Any CPU.Build.0 = Debug|Any CPU
		{07F5FB82-DF34-434E-AC73-7573355ACA03}.Release|Any CPU.ActiveCfg = Release|Any CPU
		{07F5FB82-DF34-434E-AC73-7573355ACA03}.Release|Any CPU.Build.0 = Release|Any CPU
	EndGlobalSection
	GlobalSection(SolutionProperties) = preSolution
		HideSolutionNode = FALSE
	EndGlobalSection
	GlobalSection(ExtensibilityGlobals) = postSolution
		SolutionGuid = {6C08D378-33C4-4FD0-A5A1-208213475390}
	EndGlobalSection
EndGlobal
